
Microsoft Visual Studio Solution File, Format Version 12.00
# Visual Studio Version 17
VisualStudioVersion = 17.14.36908.2 d17.14
MinimumVisualStudioVersion = 10.0.40219.1
Project("{FAE04EC0-301F-11D3-BF4B-00C04F79EFBC}") = "WestWindWebApp", "WestWindWebApp\WestWindWebApp.csproj", "{7AC85CB9-6558-427C-ABAA-8154DE7FA18C}"
EndProject
Project("{FAE04EC0-301F-11D3-BF4B-00C04F79EFBC}") = "ClassWestWindSystem", "ClassWestWindSystem\ClassWestWindSystem.csproj", "{28887917-4233-475E-ACD1-3E29C64DF69E}"
EndProject
Global
	GlobalSection(SolutionConfigurationPlatforms) = preSolution
		Debug|Any CPU = Debug|Any CPU
		Release|Any CPU = Release|Any CPU
	EndGlobalSection
	GlobalSection(ProjectConfigurationPlatforms) = postSolution
		{7AC85CB9-6558-427C-ABAA-8154DE7FA18C}.Debug|Any CPU.ActiveCfg = Debug|Any CPU
		{7AC85CB9-6558-427C-ABAA-8154DE7FA18C}.Debug|Any CPU.Build.0 = Debug|Any CPU
		{7AC85CB9-6558-427C-ABAA-8154DE7FA18C}.Release|Any CPU.ActiveCfg = Release|Any CPU
		{7AC85CB9-6558-427C-ABAA-8154DE7FA18C}.Release|Any CPU.Build.0 = Release|Any CPU
		{28887917-4233-475E-ACD1-3E29C64DF69E}.Debug|Any CPU.ActiveCfg = Debug|Any CPU
		{28887917-4233-475E-ACD1-3E29C64DF69E}.Debug|Any CPU.Build.0 = Debug|Any CPU
		{28887917-4233-475E-ACD1-3E29C64DF69E}.Release|Any CPU.ActiveCfg = Release|Any CPU
		{28887917-4233-475E-ACD1-3E29C64DF69E}.Release|Any CPU.Build.0 = Release|Any CPU
	EndGlobalSection
	GlobalSection(SolutionProperties) = preSolution
		HideSolutionNode = FALSE
	EndGlobalSection
	GlobalSection(ExtensibilityGlobals) = postSolution
		SolutionGuid = {ED6C4268-E4B6-4DC8-AA5E-E105876ABEB1}
	EndGlobalSection
EndGlobal
